
Microsoft Visual Studio Solution File, Format Version 12.00
Project("{FAE04EC0-301F-11D3-BF4B-00C04F79EFBC}") = "Kalkulacka2077", "Kalkulacka2077\Kalkulacka2077.csproj", "{2333852D-93DA-49EC-B7C8-AFD6CC69E529}"
EndProject
Global
	GlobalSection(SolutionConfigurationPlatforms) = preSolution
		Debug|Any CPU = Debug|Any CPU
		Release|Any CPU = Release|Any CPU
	EndGlobalSection
	GlobalSection(ProjectConfigurationPlatforms) = postSolution
		{2333852D-93DA-49EC-B7C8-AFD6CC69E529}.Debug|Any CPU.ActiveCfg = Debug|Any CPU
		{2333852D-93DA-49EC-B7C8-AFD6CC69E529}.Debug|Any CPU.Build.0 = Debug|Any CPU
		{2333852D-93DA-49EC-B7C8-AFD6CC69E529}.Release|Any CPU.ActiveCfg = Release|Any CPU
		{2333852D-93DA-49EC-B7C8-AFD6CC69E529}.Release|Any CPU.Build.0 = Release|Any CPU
	EndGlobalSection
EndGlobal
